
Microsoft Visual Studio Solution File, Format Version 12.00
Project("{F2A71F9B-5D33-465A-A702-920D77279786}") = "Budget.CLI", "Budget.CLI\Budget.CLI.fsproj", "{9DBD912D-559F-47B8-94BB-464B12ECCE92}"
EndProject
Project("{F2A71F9B-5D33-465A-A702-920D77279786}") = "Budget.Core", "Budget.Core\Budget.Core.fsproj", "{EB22FC95-CFBB-41D3-89F6-597419EE622C}"
EndProject
Global
	GlobalSection(SolutionConfigurationPlatforms) = preSolution
		Debug|Any CPU = Debug|Any CPU
		Release|Any CPU = Release|Any CPU
	EndGlobalSection
	GlobalSection(ProjectConfigurationPlatforms) = postSolution
		{9DBD912D-559F-47B8-94BB-464B12ECCE92}.Debug|Any CPU.ActiveCfg = Debug|Any CPU
		{9DBD912D-559F-47B8-94BB-464B12ECCE92}.Debug|Any CPU.Build.0 = Debug|Any CPU
		{9DBD912D-559F-47B8-94BB-464B12ECCE92}.Release|Any CPU.ActiveCfg = Release|Any CPU
		{9DBD912D-559F-47B8-94BB-464B12ECCE92}.Release|Any CPU.Build.0 = Release|Any CPU
		{EB22FC95-CFBB-41D3-89F6-597419EE622C}.Debug|Any CPU.ActiveCfg = Debug|Any CPU
		{EB22FC95-CFBB-41D3-89F6-597419EE622C}.Debug|Any CPU.Build.0 = Debug|Any CPU
		{EB22FC95-CFBB-41D3-89F6-597419EE622C}.Release|Any CPU.ActiveCfg = Release|Any CPU
		{EB22FC95-CFBB-41D3-89F6-597419EE622C}.Release|Any CPU.Build.0 = Release|Any CPU
	EndGlobalSection
EndGlobal
